{
  "lockfile_version": "1",
  "packages": {
    "conform@0.1.0-alpha.29": {
      "last_modified": "2025-05-16T20:19:48Z",
      "resolved": "github:NixOS/nixpkgs/12a55407652e04dcf2309436eb06fef0d3713ef3#conform",
      "source": "devbox-search",
      "version": "0.1.0-alpha.29",
      "systems": {
        "aarch64-darwin": {
          "outputs": [
            {
              "name": "out",
              "path": "/nix/store/k8qmn5m0l46jd26x1m99hz75c66lgkhs-conform-0.1.0-alpha.29",
              "default": true
            }
          ],
          "store_path": "/nix/store/k8qmn5m0l46jd26x1m99hz75c66lgkhs-conform-0.1.0-alpha.29"
        },
        "aarch64-linux": {
          "outputs": [
            {
              "name": "out",
              "path": "/nix/store/xhy7c7c5swmb3kw9imkfsn0lr8rmnc8q-conform-0.1.0-alpha.29",
              "default": true
            }
          ],
          "store_path": "/nix/store/xhy7c7c5swmb3kw9imkfsn0lr8rmnc8q-conform-0.1.0-alpha.29"
        },
        "x86_64-darwin": {
          "outputs": [
            {
              "name": "out",
              "path": "/nix/store/yqjndvaxbpkv5mik75g92lybq6z4icf0-conform-0.1.0-alpha.29",
              "default": true
            }
          ],
          "store_path": "/nix/store/yqjndvaxbpkv5mik75g92lybq6z4icf0-conform-0.1.0-alpha.29"
        },
        "x86_64-linux": {
          "outputs": [
            {
              "name": "out",
              "path": "/nix/store/2q2gi6dqr304xlzlnn3ra08537alhi1c-conform-0.1.0-alpha.29",
              "default": true
            }
          ],
          "store_path": "/nix/store/2q2gi6dqr304xlzlnn3ra08537alhi1c-conform-0.1.0-alpha.29"
        }
      }
    },
    "git@2.49.0": {
      "last_modified": "2025-05-16T20:19:48Z",
      "resolved": "github:NixOS/nixpkgs/12a55407652e04dcf2309436eb06fef0d3713ef3#git",
      "source": "devbox-search",
      "version": "2.49.0",
      "systems": {
        "aarch64-darwin": {
          "outputs": [
            {
              "name": "out",
              "path": "/nix/store/9pa6rygnkrdp03j4ba0w6yb5qid5x3qb-git-2.49.0",
              "default": true
            },
            {
              "name": "doc",
              "path": "/nix/store/4a1f3ymqasdx2sfwn615n6x6z15qk5nd-git-2.49.0-doc"
            }
          ],
          "store_path": "/nix/store/9pa6rygnkrdp03j4ba0w6yb5qid5x3qb-git-2.49.0"
        },
        "aarch64-linux": {
          "outputs": [
            {
              "name": "out",
              "path": "/nix/store/bqk89pw1wmjzrqi20vqz194ylfhl5cnm-git-2.49.0",
              "default": true
            },
            {
              "name": "doc",
              "path": "/nix/store/ll9hlbwp3vvihpx2p2g7mykrl2a4snk4-git-2.49.0-doc"
            },
            {
              "name": "debug",
              "path": "/nix/store/ypv73aihzciz9x12imf5dvz4qkn4wakd-git-2.49.0-debug"
            }
          ],
          "store_path": "/nix/store/bqk89pw1wmjzrqi20vqz194ylfhl5cnm-git-2.49.0"
        },
        "x86_64-darwin": {
          "outputs": [
            {
              "name": "out",
              "path": "/nix/store/38kaic6dax0nkj4xwnyysmlwzdlrfdfr-git-2.49.0",
              "default": true
            },
            {
              "name": "doc",
              "path": "/nix/store/0544ir9xg154jsb00i0881ggpafyw4nc-git-2.49.0-doc"
            }
          ],
          "store_path": "/nix/store/38kaic6dax0nkj4xwnyysmlwzdlrfdfr-git-2.49.0"
        },
        "x86_64-linux": {
          "outputs": [
            {
              "name": "out",
              "path": "/nix/store/805a5wv1cyah5awij184yfad1ksmbh9f-git-2.49.0",
              "default": true
            },
            {
              "name": "doc",
              "path": "/nix/store/7dfxlvdhr5g57b1v8gxwpa2gs7i9g3y5-git-2.49.0-doc"
            },
            {
              "name": "debug",
              "path": "/nix/store/6nibw5w4xay921qx7lp74bs10qsqp0g9-git-2.49.0-debug"
            }
          ],
          "store_path": "/nix/store/805a5wv1cyah5awij184yfad1ksmbh9f-git-2.49.0"
        }
      }
    },
    "github:NixOS/nixpkgs/nixpkgs-unstable": {
      "last_modified": "2025-05-31T03:30:20Z",
      "resolved": "github:NixOS/nixpkgs/59138c7667b7970d205d6a05a8bfa2d78caa3643?lastModified=1748662220&narHash=sha256-7gGa49iB9nCnFk4h%2Fg9zwjlQAyjtpgcFkODjcOQS0Es%3D"
    },
    "go-task@3.44.0": {
      "last_modified": "2025-06-25T00:36:27Z",
      "resolved": "github:NixOS/nixpkgs/992f916556fcfaa94451ebc7fc6e396134bbf5b1#go-task",
      "source": "devbox-search",
      "version": "3.44.0",
      "systems": {
        "aarch64-darwin": {
          "outputs": [
            {
              "name": "out",
              "path": "/nix/store/0g5ypvwzy9p11rn8jf42lbba97g1zihi-go-task-3.44.0",
              "default": true
            }
          ],
          "store_path": "/nix/store/0g5ypvwzy9p11rn8jf42lbba97g1zihi-go-task-3.44.0"
        },
        "aarch64-linux": {
          "outputs": [
            {
              "name": "out",
              "path": "/nix/store/wzdbbx5shgywf77k8vfkwb13q22s6f02-go-task-3.44.0",
              "default": true
            }
          ],
          "store_path": "/nix/store/wzdbbx5shgywf77k8vfkwb13q22s6f02-go-task-3.44.0"
        },
        "x86_64-darwin": {
          "outputs": [
            {
              "name": "out",
              "path": "/nix/store/4rglfyhmw6rl30ilbgssfsl87l9z2s5b-go-task-3.44.0",
              "default": true
            }
          ],
          "store_path": "/nix/store/4rglfyhmw6rl30ilbgssfsl87l9z2s5b-go-task-3.44.0"
        },
        "x86_64-linux": {
          "outputs": [
            {
              "name": "out",
              "path": "/nix/store/4r045p9bjv0c11sw72xnf2kdh3irlzff-go-task-3.44.0",
              "default": true
            }
          ],
          "store_path": "/nix/store/4r045p9bjv0c11sw72xnf2kdh3irlzff-go-task-3.44.0"
        }
      }
    },
    "go@1.24.4": {
      "last_modified": "2025-06-20T02:24:11Z",
      "resolved": "github:NixOS/nixpkgs/076e8c6678d8c54204abcb4b1b14c366835a58bb#go",
      "source": "devbox-search",
      "version": "1.24.4",
      "systems": {
        "aarch64-darwin": {
          "outputs": [
            {
              "name": "out",
              "path": "/nix/store/rq7irijkj3nhapmjcv9d96xgkisj55x2-go-1.24.4",
              "default": true
            }
          ],
          "store_path": "/nix/store/rq7irijkj3nhapmjcv9d96xgkisj55x2-go-1.24.4"
        },
        "aarch64-linux": {
          "outputs": [
            {
              "name": "out",
              "path": "/nix/store/9f64p4ip4iz2nba4wyhn1baq6b6pb6ss-go-1.24.4",
              "default": true
            }
          ],
          "store_path": "/nix/store/9f64p4ip4iz2nba4wyhn1baq6b6pb6ss-go-1.24.4"
        },
        "x86_64-darwin": {
          "outputs": [
            {
              "name": "out",
              "path": "/nix/store/n0gqcdpdk0ap2ikasi36r0szwpk2g35q-go-1.24.4",
              "default": true
            }
          ],
          "store_path": "/nix/store/n0gqcdpdk0ap2ikasi36r0szwpk2g35q-go-1.24.4"
        },
        "x86_64-linux": {
          "outputs": [
            {
              "name": "out",
              "path": "/nix/store/mdn9hnvf0qmxywbrpbywmxww2adxdn5v-go-1.24.4",
              "default": true
            }
          ],
          "store_path": "/nix/store/mdn9hnvf0qmxywbrpbywmxww2adxdn5v-go-1.24.4"
        }
      }
    },
    "golangci-lint@2.1.6": {
      "last_modified": "2025-05-16T20:19:48Z",
      "resolved": "github:NixOS/nixpkgs/12a55407652e04dcf2309436eb06fef0d3713ef3#golangci-lint",
      "source": "devbox-search",
      "version": "2.1.6",
      "systems": {
        "aarch64-darwin": {
          "outputs": [
            {
              "name": "out",
              "path": "/nix/store/8d3n5ly5r6prqyx3h5nr2v778hzwp83r-golangci-lint-2.1.6",
              "default": true
            }
          ],
          "store_path": "/nix/store/8d3n5ly5r6prqyx3h5nr2v778hzwp83r-golangci-lint-2.1.6"
        },
        "aarch64-linux": {
          "outputs": [
            {
              "name": "out",
              "path": "/nix/store/sazvkjsaxnpnplrsaj5wf1x9xkgv0s88-golangci-lint-2.1.6",
              "default": true
            }
          ],
          "store_path": "/nix/store/sazvkjsaxnpnplrsaj5wf1x9xkgv0s88-golangci-lint-2.1.6"
        },
        "x86_64-darwin": {
          "outputs": [
            {
              "name": "out",
              "path": "/nix/store/cqfnavdyysfdm9cam8bsyscbsk8zg781-golangci-lint-2.1.6",
              "default": true
            }
          ],
          "store_path": "/nix/store/cqfnavdyysfdm9cam8bsyscbsk8zg781-golangci-lint-2.1.6"
        },
        "x86_64-linux": {
          "outputs": [
            {
              "name": "out",
              "path": "/nix/store/snqg2xccy7fb6q6n2dw3bfql6mqbh6ar-golangci-lint-2.1.6",
              "default": true
            }
          ],
          "store_path": "/nix/store/snqg2xccy7fb6q6n2dw3bfql6mqbh6ar-golangci-lint-2.1.6"
        }
      }
    },
    "goreleaser@2.10.2": {
      "last_modified": "2025-06-12T15:53:38Z",
      "resolved": "github:NixOS/nixpkgs/8d6cdc7756817e0c4b24567271634a44bcf80752#goreleaser",
      "source": "devbox-search",
      "version": "2.10.2",
      "systems": {
        "aarch64-darwin": {
          "outputs": [
            {
              "name": "out",
              "path": "/nix/store/k3bi3yz5a14f8h0fzqqcysgf2zj5hh46-goreleaser-2.10.2",
              "default": true
            }
          ],
          "store_path": "/nix/store/k3bi3yz5a14f8h0fzqqcysgf2zj5hh46-goreleaser-2.10.2"
        },
        "aarch64-linux": {
          "outputs": [
            {
              "name": "out",
              "path": "/nix/store/82h2hmxl36zn8g380va8wbynrslcv844-goreleaser-2.10.2",
              "default": true
            }
          ],
          "store_path": "/nix/store/82h2hmxl36zn8g380va8wbynrslcv844-goreleaser-2.10.2"
        },
        "x86_64-darwin": {
          "outputs": [
            {
              "name": "out",
              "path": "/nix/store/rgdgld5wlxqi9s46a0f7533clalk0lk8-goreleaser-2.10.2",
              "default": true
            }
          ],
          "store_path": "/nix/store/rgdgld5wlxqi9s46a0f7533clalk0lk8-goreleaser-2.10.2"
        },
        "x86_64-linux": {
          "outputs": [
            {
              "name": "out",
              "path": "/nix/store/3zil71bfbbq39qp20dwyyir322qd655l-goreleaser-2.10.2",
              "default": true
            }
          ],
          "store_path": "/nix/store/3zil71bfbbq39qp20dwyyir322qd655l-goreleaser-2.10.2"
        }
      }
    },
    "nodePackages.prettier@3.5.3": {
      "last_modified": "2025-05-21T18:43:04Z",
      "resolved": "github:NixOS/nixpkgs/8c441601c43232976179eac52dde704c8bdf81ed#nodePackages.prettier",
      "source": "devbox-search",
      "version": "3.5.3",
      "systems": {
        "aarch64-darwin": {
          "outputs": [
            {
              "name": "out",
              "path": "/nix/store/yspchsd3ww1ddz2r5783kw8y9j0vr3r8-prettier-3.5.3",
              "default": true
            }
          ],
          "store_path": "/nix/store/yspchsd3ww1ddz2r5783kw8y9j0vr3r8-prettier-3.5.3"
        },
        "aarch64-linux": {
          "outputs": [
            {
              "name": "out",
              "path": "/nix/store/ya3imag4wkxj3g5fws96rzyzv36m74w8-prettier-3.5.3",
              "default": true
            }
          ],
          "store_path": "/nix/store/ya3imag4wkxj3g5fws96rzyzv36m74w8-prettier-3.5.3"
        },
        "x86_64-darwin": {
          "outputs": [
            {
              "name": "out",
              "path": "/nix/store/f9q2y20qa56hjzxnia0q664m0rkwwqvm-prettier-3.5.3",
              "default": true
            }
          ],
          "store_path": "/nix/store/f9q2y20qa56hjzxnia0q664m0rkwwqvm-prettier-3.5.3"
        },
        "x86_64-linux": {
          "outputs": [
            {
              "name": "out",
              "path": "/nix/store/wry9vlk19pk7izrknb980icc8gihzllx-prettier-3.5.3",
              "default": true
            }
          ],
          "store_path": "/nix/store/wry9vlk19pk7izrknb980icc8gihzllx-prettier-3.5.3"
        }
      }
    },
    "zizmor@1.11.0": {
      "last_modified": "2025-07-02T16:07:57Z",
      "resolved": "github:NixOS/nixpkgs/b32441ec0fae600e647cf4e6d6c245286a583106#zizmor",
      "source": "devbox-search",
      "version": "1.11.0",
      "systems": {
        "aarch64-darwin": {
          "outputs": [
            {
              "name": "out",
              "path": "/nix/store/2inm2warava0gl4x07cilrvg9mpjw3ha-zizmor-1.11.0",
              "default": true
            }
          ],
          "store_path": "/nix/store/2inm2warava0gl4x07cilrvg9mpjw3ha-zizmor-1.11.0"
        },
        "aarch64-linux": {
          "outputs": [
            {
              "name": "out",
              "path": "/nix/store/ckhlip0iii829nnfx1szrcm5cyjccdpc-zizmor-1.11.0",
              "default": true
            }
          ],
          "store_path": "/nix/store/ckhlip0iii829nnfx1szrcm5cyjccdpc-zizmor-1.11.0"
        },
        "x86_64-darwin": {
          "outputs": [
            {
              "name": "out",
              "path": "/nix/store/vfmrjmhbs8rl6l8qwnnslb407q8c1nri-zizmor-1.11.0",
              "default": true
            }
          ],
          "store_path": "/nix/store/vfmrjmhbs8rl6l8qwnnslb407q8c1nri-zizmor-1.11.0"
        },
        "x86_64-linux": {
          "outputs": [
            {
              "name": "out",
              "path": "/nix/store/3qwgjdksk8jczgiwca90dx3fnwn4nnpm-zizmor-1.11.0",
              "default": true
            }
          ],
          "store_path": "/nix/store/3qwgjdksk8jczgiwca90dx3fnwn4nnpm-zizmor-1.11.0"
        }
      }
    }
  }
}
